
Microsoft Visual Studio Solution File, Format Version 12.00
# Visual Studio 14
VisualStudioVersion = 14.0.25420.1
MinimumVisualStudioVersion = 10.0.40219.1
Project("{FAE04EC0-301F-11D3-BF4B-00C04F79EFBC}") = "Atapp-CSharp", "Atapp-CSharp\Atapp-CSharp.csproj", "{2D0F8D45-5CA8-4601-A809-14E5ABED664B}"
EndProject
Project("{FAE04EC0-301F-11D3-BF4B-00C04F79EFBC}") = "AtappSimpleTest", "AtappSimpleTest\AtappSimpleTest.csproj", "{8D45237D-707E-43DF-8730-E5EFB6C2190B}"
EndProject
Global
	GlobalSection(SolutionConfigurationPlatforms) = preSolution
		Debug|Any CPU = Debug|Any CPU
		Debug|x64 = Debug|x64
		Release|Any CPU = Release|Any CPU
		Release|x64 = Release|x64
	EndGlobalSection
	GlobalSection(ProjectConfigurationPlatforms) = postSolution
		{2D0F8D45-5CA8-4601-A809-14E5ABED664B}.Debug|Any CPU.ActiveCfg = Debug|Any CPU
		{2D0F8D45-5CA8-4601-A809-14E5ABED664B}.Debug|Any CPU.Build.0 = Debug|Any CPU
		{2D0F8D45-5CA8-4601-A809-14E5ABED664B}.Debug|x64.ActiveCfg = Debug|x64
		{2D0F8D45-5CA8-4601-A809-14E5ABED664B}.Debug|x64.Build.0 = Debug|x64
		{2D0F8D45-5CA8-4601-A809-14E5ABED664B}.Release|Any CPU.ActiveCfg = Release|Any CPU
		{2D0F8D45-5CA8-4601-A809-14E5ABED664B}.Release|Any CPU.Build.0 = Release|Any CPU
		{2D0F8D45-5CA8-4601-A809-14E5ABED664B}.Release|x64.ActiveCfg = Release|x64
		{2D0F8D45-5CA8-4601-A809-14E5ABED664B}.Release|x64.Build.0 = Release|x64
		{8D45237D-707E-43DF-8730-E5EFB6C2190B}.Debug|Any CPU.ActiveCfg = Debug|Any CPU
		{8D45237D-707E-43DF-8730-E5EFB6C2190B}.Debug|Any CPU.Build.0 = Debug|Any CPU
		{8D45237D-707E-43DF-8730-E5EFB6C2190B}.Debug|x64.ActiveCfg = Debug|x64
		{8D45237D-707E-43DF-8730-E5EFB6C2190B}.Debug|x64.Build.0 = Debug|x64
		{8D45237D-707E-43DF-8730-E5EFB6C2190B}.Release|Any CPU.ActiveCfg = Release|Any CPU
		{8D45237D-707E-43DF-8730-E5EFB6C2190B}.Release|Any CPU.Build.0 = Release|Any CPU
		{8D45237D-707E-43DF-8730-E5EFB6C2190B}.Release|x64.ActiveCfg = Release|x64
		{8D45237D-707E-43DF-8730-E5EFB6C2190B}.Release|x64.Build.0 = Release|x64
	EndGlobalSection
	GlobalSection(SolutionProperties) = preSolution
		HideSolutionNode = FALSE
	EndGlobalSection
EndGlobal
